
Microsoft Visual Studio Solution File, Format Version 12.00
# Visual Studio Version 17
VisualStudioVersion = 17.12.35707.178
MinimumVisualStudioVersion = 10.0.40219.1
Project("{FAE04EC0-301F-11D3-BF4B-00C04F79EFBC}") = "MiniClientApp", "MiniClientApp\MiniClientApp.csproj", "{AC8C6DF2-9F9E-4AC1-B01E-FC6934E5E1E4}"
EndProject
Project("{FAE04EC0-301F-11D3-BF4B-00C04F79EFBC}") = "MiniioTests", "MiniioTests\MiniioTests.csproj", "{9802CF50-8747-48EE-A2B0-1B35464BFF4B}"
EndProject
Project("{FAE04EC0-301F-11D3-BF4B-00C04F79EFBC}") = "MinioNotificationToRabbitMqApp", "MinioNotificationToRabbitMqApp\MinioNotificationToRabbitMqApp.csproj", "{FA3D0D7D-6705-480C-A3E6-3D18A66AD470}"
EndProject
Project("{2150E333-8FDC-42A3-9474-1A3956D46DE8}") = "ApiSimulator", "ApiSimulator", "{59AC0F14-34F8-4843-B83B-ACE6523C5301}"
EndProject
Project("{FAE04EC0-301F-11D3-BF4B-00C04F79EFBC}") = "MinioApi", "MinioApi\MinioApi.csproj", "{5C49556F-61BE-4B8E-B581-B9B2C8863298}"
EndProject
Project("{FAE04EC0-301F-11D3-BF4B-00C04F79EFBC}") = "MinioApiTest", "MinioApiTest\MinioApiTest.csproj", "{CE88A20D-237D-481F-8CB1-AE296F0A4D59}"
EndProject
Global
	GlobalSection(SolutionConfigurationPlatforms) = preSolution
		Debug|Any CPU = Debug|Any CPU
		Release|Any CPU = Release|Any CPU
	EndGlobalSection
	GlobalSection(ProjectConfigurationPlatforms) = postSolution
		{AC8C6DF2-9F9E-4AC1-B01E-FC6934E5E1E4}.Debug|Any CPU.ActiveCfg = Debug|Any CPU
		{AC8C6DF2-9F9E-4AC1-B01E-FC6934E5E1E4}.Debug|Any CPU.Build.0 = Debug|Any CPU
		{AC8C6DF2-9F9E-4AC1-B01E-FC6934E5E1E4}.Release|Any CPU.ActiveCfg = Release|Any CPU
		{AC8C6DF2-9F9E-4AC1-B01E-FC6934E5E1E4}.Release|Any CPU.Build.0 = Release|Any CPU
		{9802CF50-8747-48EE-A2B0-1B35464BFF4B}.Debug|Any CPU.ActiveCfg = Debug|Any CPU
		{9802CF50-8747-48EE-A2B0-1B35464BFF4B}.Debug|Any CPU.Build.0 = Debug|Any CPU
		{9802CF50-8747-48EE-A2B0-1B35464BFF4B}.Release|Any CPU.ActiveCfg = Release|Any CPU
		{9802CF50-8747-48EE-A2B0-1B35464BFF4B}.Release|Any CPU.Build.0 = Release|Any CPU
		{FA3D0D7D-6705-480C-A3E6-3D18A66AD470}.Debug|Any CPU.ActiveCfg = Debug|Any CPU
		{FA3D0D7D-6705-480C-A3E6-3D18A66AD470}.Debug|Any CPU.Build.0 = Debug|Any CPU
		{FA3D0D7D-6705-480C-A3E6-3D18A66AD470}.Release|Any CPU.ActiveCfg = Release|Any CPU
		{FA3D0D7D-6705-480C-A3E6-3D18A66AD470}.Release|Any CPU.Build.0 = Release|Any CPU
		{5C49556F-61BE-4B8E-B581-B9B2C8863298}.Debug|Any CPU.ActiveCfg = Debug|Any CPU
		{5C49556F-61BE-4B8E-B581-B9B2C8863298}.Debug|Any CPU.Build.0 = Debug|Any CPU
		{5C49556F-61BE-4B8E-B581-B9B2C8863298}.Release|Any CPU.ActiveCfg = Release|Any CPU
		{5C49556F-61BE-4B8E-B581-B9B2C8863298}.Release|Any CPU.Build.0 = Release|Any CPU
		{CE88A20D-237D-481F-8CB1-AE296F0A4D59}.Debug|Any CPU.ActiveCfg = Debug|Any CPU
		{CE88A20D-237D-481F-8CB1-AE296F0A4D59}.Debug|Any CPU.Build.0 = Debug|Any CPU
		{CE88A20D-237D-481F-8CB1-AE296F0A4D59}.Release|Any CPU.ActiveCfg = Release|Any CPU
		{CE88A20D-237D-481F-8CB1-AE296F0A4D59}.Release|Any CPU.Build.0 = Release|Any CPU
	EndGlobalSection
	GlobalSection(SolutionProperties) = preSolution
		HideSolutionNode = FALSE
	EndGlobalSection
	GlobalSection(NestedProjects) = preSolution
		{5C49556F-61BE-4B8E-B581-B9B2C8863298} = {59AC0F14-34F8-4843-B83B-ACE6523C5301}
		{CE88A20D-237D-481F-8CB1-AE296F0A4D59} = {59AC0F14-34F8-4843-B83B-ACE6523C5301}
	EndGlobalSection
EndGlobal
